
Microsoft Visual Studio Solution File, Format Version 12.00
# Visual Studio 15
VisualStudioVersion = 15.0.28010.2036
MinimumVisualStudioVersion = 10.0.40219.1
Project("{FAE04EC0-301F-11D3-BF4B-00C04F79EFBC}") = "WebAPI-Authorize", "WebAPI-Authorize\WebAPI-Authorize.csproj", "{F389BC5B-D6AF-446C-80D6-3CAE88615416}"
EndProject
Project("{FAE04EC0-301F-11D3-BF4B-00C04F79EFBC}") = "WinformAppAPI", "WinformAppAPI\WinformAppAPI.csproj", "{16ECEDE4-2228-472C-82C7-BD0D72F6CE6F}"
EndProject
Global
	GlobalSection(SolutionConfigurationPlatforms) = preSolution
		Debug|Any CPU = Debug|Any CPU
		Release|Any CPU = Release|Any CPU
	EndGlobalSection
	GlobalSection(ProjectConfigurationPlatforms) = postSolution
		{F389BC5B-D6AF-446C-80D6-3CAE88615416}.Debug|Any CPU.ActiveCfg = Debug|Any CPU
		{F389BC5B-D6AF-446C-80D6-3CAE88615416}.Debug|Any CPU.Build.0 = Debug|Any CPU
		{F389BC5B-D6AF-446C-80D6-3CAE88615416}.Release|Any CPU.ActiveCfg = Release|Any CPU
		{F389BC5B-D6AF-446C-80D6-3CAE88615416}.Release|Any CPU.Build.0 = Release|Any CPU
		{16ECEDE4-2228-472C-82C7-BD0D72F6CE6F}.Debug|Any CPU.ActiveCfg = Debug|Any CPU
		{16ECEDE4-2228-472C-82C7-BD0D72F6CE6F}.Debug|Any CPU.Build.0 = Debug|Any CPU
		{16ECEDE4-2228-472C-82C7-BD0D72F6CE6F}.Release|Any CPU.ActiveCfg = Release|Any CPU
		{16ECEDE4-2228-472C-82C7-BD0D72F6CE6F}.Release|Any CPU.Build.0 = Release|Any CPU
	EndGlobalSection
	GlobalSection(SolutionProperties) = preSolution
		HideSolutionNode = FALSE
	EndGlobalSection
	GlobalSection(ExtensibilityGlobals) = postSolution
		SolutionGuid = {F93958A3-732F-4040-A5DB-7062DEAE8831}
	EndGlobalSection
EndGlobal
