
Microsoft Visual Studio Solution File, Format Version 12.00
# Visual Studio 15
VisualStudioVersion = 15.0.28010.2026
MinimumVisualStudioVersion = 10.0.40219.1
Project("{FAE04EC0-301F-11D3-BF4B-00C04F79EFBC}") = "WebApiTest01", "WebApiTest01\WebApiTest01.csproj", "{685A382A-B1D8-4852-B607-B7AA58E62110}"
EndProject
Project("{FAE04EC0-301F-11D3-BF4B-00C04F79EFBC}") = "ProductManagement", "ProductManagement\ProductManagement.csproj", "{F006C5F2-EB9C-4145-8B22-A7FB03C5B753}"
EndProject
Global
	GlobalSection(SolutionConfigurationPlatforms) = preSolution
		Debug|Any CPU = Debug|Any CPU
		Release|Any CPU = Release|Any CPU
	EndGlobalSection
	GlobalSection(ProjectConfigurationPlatforms) = postSolution
		{685A382A-B1D8-4852-B607-B7AA58E62110}.Debug|Any CPU.ActiveCfg = Debug|Any CPU
		{685A382A-B1D8-4852-B607-B7AA58E62110}.Debug|Any CPU.Build.0 = Debug|Any CPU
		{685A382A-B1D8-4852-B607-B7AA58E62110}.Release|Any CPU.ActiveCfg = Release|Any CPU
		{685A382A-B1D8-4852-B607-B7AA58E62110}.Release|Any CPU.Build.0 = Release|Any CPU
		{F006C5F2-EB9C-4145-8B22-A7FB03C5B753}.Debug|Any CPU.ActiveCfg = Debug|Any CPU
		{F006C5F2-EB9C-4145-8B22-A7FB03C5B753}.Debug|Any CPU.Build.0 = Debug|Any CPU
		{F006C5F2-EB9C-4145-8B22-A7FB03C5B753}.Release|Any CPU.ActiveCfg = Release|Any CPU
		{F006C5F2-EB9C-4145-8B22-A7FB03C5B753}.Release|Any CPU.Build.0 = Release|Any CPU
	EndGlobalSection
	GlobalSection(SolutionProperties) = preSolution
		HideSolutionNode = FALSE
	EndGlobalSection
	GlobalSection(ExtensibilityGlobals) = postSolution
		SolutionGuid = {384A5948-66EB-4745-8907-62B76F56F81D}
	EndGlobalSection
EndGlobal
