
Microsoft Visual Studio Solution File, Format Version 12.00
# Visual Studio 15
VisualStudioVersion = 15.0.28010.2046
MinimumVisualStudioVersion = 10.0.40219.1
Project("{FAE04EC0-301F-11D3-BF4B-00C04F79EFBC}") = "Homework", "Homework\Homework.csproj", "{BD984F43-9BAE-4739-8C37-1D29E0E458D9}"
EndProject
Project("{2150E333-8FDC-42A3-9474-1A3956D46DE8}") = "Resources", "Resources", "{19289EBF-F050-48F5-8F6F-60595C666CA2}"
	ProjectSection(SolutionItems) = preProject
		..\Homework.sql = ..\Homework.sql
	EndProjectSection
EndProject
Global
	GlobalSection(SolutionConfigurationPlatforms) = preSolution
		Debug|Any CPU = Debug|Any CPU
		Release|Any CPU = Release|Any CPU
	EndGlobalSection
	GlobalSection(ProjectConfigurationPlatforms) = postSolution
		{BD984F43-9BAE-4739-8C37-1D29E0E458D9}.Debug|Any CPU.ActiveCfg = Debug|Any CPU
		{BD984F43-9BAE-4739-8C37-1D29E0E458D9}.Debug|Any CPU.Build.0 = Debug|Any CPU
		{BD984F43-9BAE-4739-8C37-1D29E0E458D9}.Release|Any CPU.ActiveCfg = Release|Any CPU
		{BD984F43-9BAE-4739-8C37-1D29E0E458D9}.Release|Any CPU.Build.0 = Release|Any CPU
	EndGlobalSection
	GlobalSection(SolutionProperties) = preSolution
		HideSolutionNode = FALSE
	EndGlobalSection
	GlobalSection(ExtensibilityGlobals) = postSolution
		SolutionGuid = {6C27A8CD-C01F-4A5E-BFEA-004BD775C10C}
	EndGlobalSection
EndGlobal
